
Microsoft Visual Studio Solution File, Format Version 12.00
# Visual Studio Version 17
VisualStudioVersion = 17.5.002.0
MinimumVisualStudioVersion = 10.0.40219.1
Project("{9A19103F-16F7-4668-BE54-9A1E7A4F7556}") = "EjercicioDepuracion", "EjercicioDepuracion\EjercicioDepuracion.csproj", "{5FECE1A5-0EA6-4026-8F0B-7DECF8B070E6}"
EndProject
Project("{9A19103F-16F7-4668-BE54-9A1E7A4F7556}") = "PrimerProyecto", "PrimerProyecto\PrimerProyecto.csproj", "{17CAFC80-CCB1-4B17-B1E8-9C1FF3343399}"
EndProject
Project("{2150E333-8FDC-42A3-9474-1A3956D46DE8}") = "ManejoArchivo", "ManejoArchivo", "{C8A6E023-D6CE-45A9-8D79-339E2F4AED3C}"
EndProject
Project("{9A19103F-16F7-4668-BE54-9A1E7A4F7556}") = "mslearn-dotnet-files", "ManejoArchivo\mslearn-dotnet-files\mslearn-dotnet-files.csproj", "{C2D1EB9D-FECE-40D8-BEA4-2DB209191956}"
EndProject
Global
	GlobalSection(SolutionConfigurationPlatforms) = preSolution
		Debug|Any CPU = Debug|Any CPU
		Release|Any CPU = Release|Any CPU
	EndGlobalSection
	GlobalSection(ProjectConfigurationPlatforms) = postSolution
		{5FECE1A5-0EA6-4026-8F0B-7DECF8B070E6}.Debug|Any CPU.ActiveCfg = Debug|Any CPU
		{5FECE1A5-0EA6-4026-8F0B-7DECF8B070E6}.Debug|Any CPU.Build.0 = Debug|Any CPU
		{5FECE1A5-0EA6-4026-8F0B-7DECF8B070E6}.Release|Any CPU.ActiveCfg = Release|Any CPU
		{5FECE1A5-0EA6-4026-8F0B-7DECF8B070E6}.Release|Any CPU.Build.0 = Release|Any CPU
		{17CAFC80-CCB1-4B17-B1E8-9C1FF3343399}.Debug|Any CPU.ActiveCfg = Debug|Any CPU
		{17CAFC80-CCB1-4B17-B1E8-9C1FF3343399}.Debug|Any CPU.Build.0 = Debug|Any CPU
		{17CAFC80-CCB1-4B17-B1E8-9C1FF3343399}.Release|Any CPU.ActiveCfg = Release|Any CPU
		{17CAFC80-CCB1-4B17-B1E8-9C1FF3343399}.Release|Any CPU.Build.0 = Release|Any CPU
		{C2D1EB9D-FECE-40D8-BEA4-2DB209191956}.Debug|Any CPU.ActiveCfg = Debug|Any CPU
		{C2D1EB9D-FECE-40D8-BEA4-2DB209191956}.Debug|Any CPU.Build.0 = Debug|Any CPU
		{C2D1EB9D-FECE-40D8-BEA4-2DB209191956}.Release|Any CPU.ActiveCfg = Release|Any CPU
		{C2D1EB9D-FECE-40D8-BEA4-2DB209191956}.Release|Any CPU.Build.0 = Release|Any CPU
	EndGlobalSection
	GlobalSection(SolutionProperties) = preSolution
		HideSolutionNode = FALSE
	EndGlobalSection
	GlobalSection(NestedProjects) = preSolution
		{C2D1EB9D-FECE-40D8-BEA4-2DB209191956} = {C8A6E023-D6CE-45A9-8D79-339E2F4AED3C}
	EndGlobalSection
	GlobalSection(ExtensibilityGlobals) = postSolution
		SolutionGuid = {5DA39877-D8E0-46C8-A62A-C13E78BA1514}
	EndGlobalSection
EndGlobal
